{
  "name": "hexo-theme-yun-js",
  "lockfileVersion": 2,
  "requires": true,
  "packages": {
    "": {
      "name": "hexo-theme-yun-js",
      "devDependencies": {
        "@vueuse/core": "^8.6.0"
      },
      "engines": {
        "node": ">=14.0.0"
      }
    },
    "node_modules/@vueuse/core": {
      "version": "8.6.0",
      "resolved": "https://registry.npmjs.org/@vueuse/core/-/core-8.6.0.tgz",
      "integrity": "sha512-VirzExCm/N+QdrEWT7J4uSrvJ5hquKIAU9alQ37kUvIJk9XxCLxmfRnmekYc1kz2+6BnoyuKYXVmrMV351CB4w==",
      "dev": true,
      "dependencies": {
        "@vueuse/metadata": "8.6.0",
        "@vueuse/shared": "8.6.0",
        "vue-demi": "*"
      },
      "funding": {
        "url": "https://github.com/sponsors/antfu"
      },
      "peerDependencies": {
        "@vue/composition-api": "^1.1.0",
        "vue": "^2.6.0 || ^3.2.0"
      },
      "peerDependenciesMeta": {
        "@vue/composition-api": {
          "optional": true
        },
        "vue": {
          "optional": true
        }
      }
    },
    "node_modules/@vueuse/metadata": {
      "version": "8.6.0",
      "resolved": "https://registry.npmjs.org/@vueuse/metadata/-/metadata-8.6.0.tgz",
      "integrity": "sha512-F+CKPvaExsm7QgRr8y+ZNJFwXasn89rs5wth/HeX9lJ1q8XEt+HJ16Q5Sxh4rfG5YSKXrStveVge8TKvPjMjFA==",
      "dev": true,
      "funding": {
        "url": "https://github.com/sponsors/antfu"
      }
    },
    "node_modules/@vueuse/shared": {
      "version": "8.6.0",
      "resolved": "https://registry.npmjs.org/@vueuse/shared/-/shared-8.6.0.tgz",
      "integrity": "sha512-Y/IVywZo7IfEoSSEtCYpkVEmPV7pU35mEIxV7PbD/D3ly18B3mEsBaPbtDkNM/QP3zAZ5mn4nEkOfddX4uwuIA==",
      "dev": true,
      "dependencies": {
        "vue-demi": "*"
      },
      "funding": {
        "url": "https://github.com/sponsors/antfu"
      },
      "peerDependencies": {
        "@vue/composition-api": "^1.1.0",
        "vue": "^2.6.0 || ^3.2.0"
      },
      "peerDependenciesMeta": {
        "@vue/composition-api": {
          "optional": true
        },
        "vue": {
          "optional": true
        }
      }
    },
    "node_modules/vue": {
      "version": "2.6.14",
      "resolved": "https://registry.npmjs.org/vue/-/vue-2.6.14.tgz",
      "integrity": "sha512-x2284lgYvjOMj3Za7kqzRcUSxBboHqtgRE2zlos1qWaOye5yUmHn42LB1250NJBLRwEcdrB0JRwyPTEPhfQjiQ==",
      "dev": true,
      "peer": true
    },
    "node_modules/vue-demi": {
      "version": "0.13.1",
      "resolved": "https://registry.npmjs.org/vue-demi/-/vue-demi-0.13.1.tgz",
      "integrity": "sha512-xmkJ56koG3ptpLnpgmIzk9/4nFf4CqduSJbUM0OdPoU87NwRuZ6x49OLhjSa/fC15fV+5CbEnrxU4oyE022svg==",
      "dev": true,
      "hasInstallScript": true,
      "bin": {
        "vue-demi-fix": "bin/vue-demi-fix.js",
        "vue-demi-switch": "bin/vue-demi-switch.js"
      },
      "engines": {
        "node": ">=12"
      },
      "funding": {
        "url": "https://github.com/sponsors/antfu"
      },
      "peerDependencies": {
        "@vue/composition-api": "^1.0.0-rc.1",
        "vue": "^3.0.0-0 || ^2.6.0"
      },
      "peerDependenciesMeta": {
        "@vue/composition-api": {
          "optional": true
        }
      }
    }
  },
  "dependencies": {
    "@vueuse/core": {
      "version": "8.6.0",
      "resolved": "https://registry.npmjs.org/@vueuse/core/-/core-8.6.0.tgz",
      "integrity": "sha512-VirzExCm/N+QdrEWT7J4uSrvJ5hquKIAU9alQ37kUvIJk9XxCLxmfRnmekYc1kz2+6BnoyuKYXVmrMV351CB4w==",
      "dev": true,
      "requires": {
        "@vueuse/metadata": "8.6.0",
        "@vueuse/shared": "8.6.0",
        "vue-demi": "*"
      }
    },
    "@vueuse/metadata": {
      "version": "8.6.0",
      "resolved": "https://registry.npmjs.org/@vueuse/metadata/-/metadata-8.6.0.tgz",
      "integrity": "sha512-F+CKPvaExsm7QgRr8y+ZNJFwXasn89rs5wth/HeX9lJ1q8XEt+HJ16Q5Sxh4rfG5YSKXrStveVge8TKvPjMjFA==",
      "dev": true
    },
    "@vueuse/shared": {
      "version": "8.6.0",
      "resolved": "https://registry.npmjs.org/@vueuse/shared/-/shared-8.6.0.tgz",
      "integrity": "sha512-Y/IVywZo7IfEoSSEtCYpkVEmPV7pU35mEIxV7PbD/D3ly18B3mEsBaPbtDkNM/QP3zAZ5mn4nEkOfddX4uwuIA==",
      "dev": true,
      "requires": {
        "vue-demi": "*"
      }
    },
    "vue": {
      "version": "2.6.14",
      "resolved": "https://registry.npmjs.org/vue/-/vue-2.6.14.tgz",
      "integrity": "sha512-x2284lgYvjOMj3Za7kqzRcUSxBboHqtgRE2zlos1qWaOye5yUmHn42LB1250NJBLRwEcdrB0JRwyPTEPhfQjiQ==",
      "dev": true,
      "peer": true
    },
    "vue-demi": {
      "version": "0.13.1",
      "resolved": "https://registry.npmjs.org/vue-demi/-/vue-demi-0.13.1.tgz",
      "integrity": "sha512-xmkJ56koG3ptpLnpgmIzk9/4nFf4CqduSJbUM0OdPoU87NwRuZ6x49OLhjSa/fC15fV+5CbEnrxU4oyE022svg==",
      "dev": true,
      "requires": {}
    }
  }
}
